
Microsoft Visual Studio Solution File, Format Version 12.00
# Visual Studio Version 17
VisualStudioVersion = 17.0.31912.275
MinimumVisualStudioVersion = 10.0.40219.1
Project("{9A19103F-16F7-4668-BE54-9A1E7A4F7556}") = "SQLSC.Web", "SQLSC.Web\SQLSC.Web.csproj", "{601C4F97-585C-4AC1-9CE2-42FB5A985A9F}"
EndProject
Project("{2150E333-8FDC-42A3-9474-1A3956D46DE8}") = "Solution Items", "Solution Items", "{B28814BE-5DA4-40E0-BC2E-B53836F47CF4}"
	ProjectSection(SolutionItems) = preProject
		SQLSC\.Dockerfile = SQLSC\.Dockerfile
	EndProjectSection
EndProject
Project("{2150E333-8FDC-42A3-9474-1A3956D46DE8}") = "NewFolder1", "NewFolder1", "{053BF1C9-6E6E-4F8F-9DAE-9DB76494D663}"
EndProject
Project("{9A19103F-16F7-4668-BE54-9A1E7A4F7556}") = "WebWithEFC6", "WebWithEFC6\WebWithEFC6.csproj", "{719AF4E7-EFC1-484F-9E82-C9F7D40687C0}"
EndProject
Project("{00D1A9C2-B5F0-4AF3-8072-F6C62B433612}") = "DatabaseProject", "DatabaseProject\DatabaseProject.sqlproj", "{2D696C96-B3C2-4ABA-BC3A-5E6A4E2085A1}"
EndProject
Project("{9A19103F-16F7-4668-BE54-9A1E7A4F7556}") = "WebWithDBProject", "WebWithDBProject\WebWithDBProject.csproj", "{83C336AD-1186-4D48-B2C2-1C7C35E44512}"
EndProject
Project("{9A19103F-16F7-4668-BE54-9A1E7A4F7556}") = "DBPack", "DBPack\DBPack.csproj", "{B4E5AE8B-1A2F-40E5-92FD-360EDA5ED680}"
EndProject
Global
	GlobalSection(SolutionConfigurationPlatforms) = preSolution
		Debug|Any CPU = Debug|Any CPU
		Release|Any CPU = Release|Any CPU
	EndGlobalSection
	GlobalSection(ProjectConfigurationPlatforms) = postSolution
		{601C4F97-585C-4AC1-9CE2-42FB5A985A9F}.Debug|Any CPU.ActiveCfg = Debug|Any CPU
		{601C4F97-585C-4AC1-9CE2-42FB5A985A9F}.Debug|Any CPU.Build.0 = Debug|Any CPU
		{601C4F97-585C-4AC1-9CE2-42FB5A985A9F}.Release|Any CPU.ActiveCfg = Release|Any CPU
		{601C4F97-585C-4AC1-9CE2-42FB5A985A9F}.Release|Any CPU.Build.0 = Release|Any CPU
		{719AF4E7-EFC1-484F-9E82-C9F7D40687C0}.Debug|Any CPU.ActiveCfg = Debug|Any CPU
		{719AF4E7-EFC1-484F-9E82-C9F7D40687C0}.Debug|Any CPU.Build.0 = Debug|Any CPU
		{719AF4E7-EFC1-484F-9E82-C9F7D40687C0}.Release|Any CPU.ActiveCfg = Release|Any CPU
		{719AF4E7-EFC1-484F-9E82-C9F7D40687C0}.Release|Any CPU.Build.0 = Release|Any CPU
		{2D696C96-B3C2-4ABA-BC3A-5E6A4E2085A1}.Debug|Any CPU.ActiveCfg = Debug|Any CPU
		{2D696C96-B3C2-4ABA-BC3A-5E6A4E2085A1}.Debug|Any CPU.Build.0 = Debug|Any CPU
		{2D696C96-B3C2-4ABA-BC3A-5E6A4E2085A1}.Debug|Any CPU.Deploy.0 = Debug|Any CPU
		{2D696C96-B3C2-4ABA-BC3A-5E6A4E2085A1}.Release|Any CPU.ActiveCfg = Release|Any CPU
		{2D696C96-B3C2-4ABA-BC3A-5E6A4E2085A1}.Release|Any CPU.Build.0 = Release|Any CPU
		{2D696C96-B3C2-4ABA-BC3A-5E6A4E2085A1}.Release|Any CPU.Deploy.0 = Release|Any CPU
		{83C336AD-1186-4D48-B2C2-1C7C35E44512}.Debug|Any CPU.ActiveCfg = Debug|Any CPU
		{83C336AD-1186-4D48-B2C2-1C7C35E44512}.Debug|Any CPU.Build.0 = Debug|Any CPU
		{83C336AD-1186-4D48-B2C2-1C7C35E44512}.Release|Any CPU.ActiveCfg = Release|Any CPU
		{83C336AD-1186-4D48-B2C2-1C7C35E44512}.Release|Any CPU.Build.0 = Release|Any CPU
		{B4E5AE8B-1A2F-40E5-92FD-360EDA5ED680}.Debug|Any CPU.ActiveCfg = Debug|Any CPU
		{B4E5AE8B-1A2F-40E5-92FD-360EDA5ED680}.Debug|Any CPU.Build.0 = Debug|Any CPU
		{B4E5AE8B-1A2F-40E5-92FD-360EDA5ED680}.Release|Any CPU.ActiveCfg = Release|Any CPU
		{B4E5AE8B-1A2F-40E5-92FD-360EDA5ED680}.Release|Any CPU.Build.0 = Release|Any CPU
	EndGlobalSection
	GlobalSection(SolutionProperties) = preSolution
		HideSolutionNode = FALSE
	EndGlobalSection
	GlobalSection(NestedProjects) = preSolution
		{053BF1C9-6E6E-4F8F-9DAE-9DB76494D663} = {B28814BE-5DA4-40E0-BC2E-B53836F47CF4}
	EndGlobalSection
	GlobalSection(ExtensibilityGlobals) = postSolution
		SolutionGuid = {139824B1-BE23-42C8-9156-C96BDDB2E887}
	EndGlobalSection
EndGlobal
